
Microsoft Visual Studio Solution File, Format Version 12.00
# Visual Studio Version 17
VisualStudioVersion = 17.0.31903.59
MinimumVisualStudioVersion = 10.0.40219.1
Project("{2150E333-8FDC-42A3-9474-1A3956D46DE8}") = "async-suffix", "async-suffix", "{0D0AE847-534F-406F-BFAC-46B1772A0065}"
EndProject
Project("{FAE04EC0-301F-11D3-BF4B-00C04F79EFBC}") = "Minilang.Inspirations.AsyncSuffix.Playground", "async-suffix\csharp-play\Minilang.Inspirations.AsyncSuffix.Playground.csproj", "{B720A4AD-E733-4450-AA69-33486AE3F794}"
EndProject
Global
	GlobalSection(SolutionConfigurationPlatforms) = preSolution
		Debug|Any CPU = Debug|Any CPU
		Release|Any CPU = Release|Any CPU
	EndGlobalSection
	GlobalSection(SolutionProperties) = preSolution
		HideSolutionNode = FALSE
	EndGlobalSection
	GlobalSection(ProjectConfigurationPlatforms) = postSolution
		{B720A4AD-E733-4450-AA69-33486AE3F794}.Debug|Any CPU.ActiveCfg = Debug|Any CPU
		{B720A4AD-E733-4450-AA69-33486AE3F794}.Debug|Any CPU.Build.0 = Debug|Any CPU
		{B720A4AD-E733-4450-AA69-33486AE3F794}.Release|Any CPU.ActiveCfg = Release|Any CPU
		{B720A4AD-E733-4450-AA69-33486AE3F794}.Release|Any CPU.Build.0 = Release|Any CPU
	EndGlobalSection
	GlobalSection(NestedProjects) = preSolution
		{B720A4AD-E733-4450-AA69-33486AE3F794} = {0D0AE847-534F-406F-BFAC-46B1772A0065}
	EndGlobalSection
EndGlobal
